{
  "originHash" : "9d9b08348f849eb5768a492fb08c7093750a19fcee20c5f54d7a5d0f6cb07fc4",
  "pins" : [
    {
      "identity" : "metalcompilerplugin",
      "kind" : "remoteSourceControl",
      "location" : "https://github.com/schwa/MetalCompilerPlugin",
      "state" : {
        "revision" : "36c761478a8e3fb934acf8ef2db4696af95069b4",
        "version" : "0.1.5"
      }
    },
    {
      "identity" : "observableanchortrackingsystem",
      "kind" : "remoteSourceControl",
      "location" : "https://github.com/banjun/ObservableAnchorTrackingSystem",
      "state" : {
        "branch" : "main",
        "revision" : "ec8665e1f42e761cc556667be0b5396abf3bc6f6"
      }
    },
    {
      "identity" : "rcpmaterialparameters",
      "kind" : "remoteSourceControl",
      "location" : "https://github.com/banjun/RCPMaterialParameters",
      "state" : {
        "revision" : "8d480d596ef49dc2bfec83219f429bc2402ccfc2",
        "version" : "0.0.2"
      }
    },
    {
      "identity" : "shadergraphcoder",
      "kind" : "remoteSourceControl",
      "location" : "https://github.com/banjun/ShaderGraphCoder",
      "state" : {
        "branch" : "macos",
        "revision" : "ae91a001ef3cfc20af3b916517134025f90d0f9d"
      }
    }
  ],
  "version" : 3
}
